schema: '2.0'
stages:
  generate:
    cmd: poetry run python -m src.data.generate_data
    deps:
    - path: src/data/generate_data.py
      hash: md5
      md5: c49de0a94536c303812a8be4c44657ab
      size: 1880
    outs:
    - path: data/raw/interactions.csv
      hash: md5
      md5: 19c314e2c19d336471042f8edafdcc3f
      size: 35236
    - path: data/raw/items.csv
      hash: md5
      md5: 9bab0fd560cc14e348657e6048acc1cc
      size: 630
  train:
    cmd: poetry run python -m src.ml.train
    deps:
    - path: data/raw/interactions.csv
      hash: md5
      md5: 19c314e2c19d336471042f8edafdcc3f
      size: 35236
    - path: src/ml/train.py
      hash: md5
      md5: 24068780d161931355bdd394b61aa984
      size: 1780
    outs:
    - path: models/metrics.json
      hash: md5
      md5: 368b210e88e8d14dc0a339c42d507e5b
      size: 60
    - path: models/recommender.joblib
      hash: md5
      md5: 7623f20832cdd8b23227ea023d4e2ef6
      size: 91773
